
Microsoft Visual Studio Solution File, Format Version 12.00
# Visual Studio Version 16
VisualStudioVersion = 16.0.30128.74
MinimumVisualStudioVersion = 10.0.40219.1
Project("{FAE04EC0-301F-11D3-BF4B-00C04F79EFBC}") = "Storyboard", "Storyboard.csproj", "{0C451A49-4277-4954-B851-49BE6EC7DFE8}"
EndProject
Global
	GlobalSection(SolutionConfigurationPlatforms) = preSolution
		Debug|Any CPU = Debug|Any CPU
		Release|Any CPU = Release|Any CPU
	EndGlobalSection
	GlobalSection(ProjectConfigurationPlatforms) = postSolution
		{0C451A49-4277-4954-B851-49BE6EC7DFE8}.Debug|Any CPU.ActiveCfg = Debug|Any CPU
		{0C451A49-4277-4954-B851-49BE6EC7DFE8}.Debug|Any CPU.Build.0 = Debug|Any CPU
		{0C451A49-4277-4954-B851-49BE6EC7DFE8}.Release|Any CPU.ActiveCfg = Release|Any CPU
		{0C451A49-4277-4954-B851-49BE6EC7DFE8}.Release|Any CPU.Build.0 = Release|Any CPU
	EndGlobalSection
	GlobalSection(SolutionProperties) = preSolution
		HideSolutionNode = FALSE
	EndGlobalSection
	GlobalSection(ExtensibilityGlobals) = postSolution
		SolutionGuid = {4A1FABB1-E82F-4DE9-B39F-2FAC35BDDF5E}
	EndGlobalSection
EndGlobal
